<?xml version="1.0" encoding="utf-8"?>
<Project ToolsVersion="4.0" xmlns="http://schemas.microsoft.com/developer/msbuild/2003">
  <ItemGroup>
    <Filter Include="소스 파일">
      <UniqueIdentifier>{4FC737F1-C7A5-4376-A066-2A32D752A2FF}</UniqueIdentifier>
      <Extensions>cpp;c;cc;cxx;c++;cppm;ixx;def;odl;idl;hpj;bat;asm;asmx</Extensions>
    </Filter>
    <Filter Include="헤더 파일">
      <UniqueIdentifier>{93995380-89BD-4b04-88EB-625FBE52EBFB}</UniqueIdentifier>
      <Extensions>h;hh;hpp;hxx;h++;hm;inl;inc;ipp;xsd</Extensions>
    </Filter>
    <Filter Include="리소스 파일">
      <UniqueIdentifier>{67DA6AB6-F800-4c08-8B7A-83BB121AAD01}</UniqueIdentifier>
      <Extensions>rc;ico;cur;bmp;dlg;rc2;rct;bin;rgs;gif;jpg;jpeg;jpe;resx;tiff;tif;png;wav;mfcribbon-ms</Extensions>
    </Filter>
  </ItemGroup>
  <ItemGroup>
    <ClCompile Include="ex10_01.c">
      <Filter>소스 파일</Filter>
    </ClCompile>
    <ClCompile Include="ex10_02.c">
      <Filter>소스 파일</Filter>
    </ClCompile>
    <ClCompile Include="ex10_03.c">
      <Filter>소스 파일</Filter>
    </ClCompile>
    <ClCompile Include="ex10_04.c">
      <Filter>소스 파일</Filter>
    </ClCompile>
    <ClCompile Include="ex10_05.c">
      <Filter>소스 파일</Filter>
    </ClCompile>
    <ClCompile Include="ex10_06.c">
      <Filter>소스 파일</Filter>
    </ClCompile>
    <ClCompile Include="ex10_07.c">
      <Filter>소스 파일</Filter>
    </ClCompile>
    <ClCompile Include="ex10_08.c">
      <Filter>소스 파일</Filter>
    </ClCompile>
    <ClCompile Include="ex10_09.c">
      <Filter>소스 파일</Filter>
    </ClCompile>
    <ClCompile Include="ex10_10.c">
      <Filter>소스 파일</Filter>
    </ClCompile>
    <ClCompile Include="ex10_11.c">
      <Filter>소스 파일</Filter>
    </ClCompile>
    <ClCompile Include="ex10_12.c">
      <Filter>소스 파일</Filter>
    </ClCompile>
    <ClCompile Include="ex10_13.c">
      <Filter>소스 파일</Filter>
    </ClCompile>
    <ClCompile Include="ex10_14.c">
      <Filter>소스 파일</Filter>
    </ClCompile>
    <ClCompile Include="ex10_15.c">
      <Filter>소스 파일</Filter>
    </ClCompile>
    <ClCompile Include="ex10_16.c">
      <Filter>소스 파일</Filter>
    </ClCompile>
    <ClCompile Include="ex10_17.c">
      <Filter>소스 파일</Filter>
    </ClCompile>
    <ClCompile Include="ex10_18.c">
      <Filter>소스 파일</Filter>
    </ClCompile>
    <ClCompile Include="ex10_19.c">
      <Filter>소스 파일</Filter>
    </ClCompile>
    <ClCompile Include="TS10_01.c">
      <Filter>소스 파일</Filter>
    </ClCompile>
    <ClCompile Include="TS10_02.c">
      <Filter>소스 파일</Filter>
    </ClCompile>
    <ClCompile Include="TS10_03.c">
      <Filter>소스 파일</Filter>
    </ClCompile>
    <ClCompile Include="TS10_04.c">
      <Filter>소스 파일</Filter>
    </ClCompile>
    <ClCompile Include="TS10_05.c">
      <Filter>소스 파일</Filter>
    </ClCompile>
  </ItemGroup>
</Project>